// !$*UTF8*$!
{
	archiveVersion = 1;
	classes = {
	};
	objectVersion = 45;
	objects = {

/* Begin PBXBuildFile section */
		1D3623260D0F684500981E51 /* AssassinsAppDelegate.m in Sources */ = {isa = PBXBuildFile; fileRef = 1D3623250D0F684500981E51 /* AssassinsAppDelegate.m */; };
		1D60589B0D05DD56006BFB54 /* main.m in Sources */ = {isa = PBXBuildFile; fileRef = 29B97316FDCFA39411CA2CEA /* main.m */; };
		1D60589F0D05DD5A006BFB54 /* Foundation.framework in Frameworks */ = {isa = PBXBuildFile; fileRef = 1D30AB110D05D00D00671497 /* Foundation.framework */; };
		1DF5F4E00D08C38300B7A737 /* UIKit.framework in Frameworks */ = {isa = PBXBuildFile; fileRef = 1DF5F4DF0D08C38300B7A737 /* UIKit.framework */; };
		288765A50DF7441C002DB57D /* CoreGraphics.framework in Frameworks */ = {isa = PBXBuildFile; fileRef = 288765A40DF7441C002DB57D /* CoreGraphics.framework */; };
		2899E5220DE3E06400AC0155 /* AssassinsViewController.xib in Resources */ = {isa = PBXBuildFile; fileRef = 2899E5210DE3E06400AC0155 /* AssassinsViewController.xib */; };
		28AD733F0D9D9553002E5188 /* MainWindow.xib in Resources */ = {isa = PBXBuildFile; fileRef = 28AD733E0D9D9553002E5188 /* MainWindow.xib */; };
		28D7ACF80DDB3853001CB0EB /* AssassinsViewController.m in Sources */ = {isa = PBXBuildFile; fileRef = 28D7ACF70DDB3853001CB0EB /* AssassinsViewController.m */; };
		C70065941264361100228EA8 /* RayAttack1.png in Resources */ = {isa = PBXBuildFile; fileRef = C700658D1264361100228EA8 /* RayAttack1.png */; };
		C70065951264361100228EA8 /* RayAttack2.png in Resources */ = {isa = PBXBuildFile; fileRef = C700658E1264361100228EA8 /* RayAttack2.png */; };
		C70065961264361100228EA8 /* RayAttack3.png in Resources */ = {isa = PBXBuildFile; fileRef = C700658F1264361100228EA8 /* RayAttack3.png */; };
		C70065971264361100228EA8 /* RayAttack4.png in Resources */ = {isa = PBXBuildFile; fileRef = C70065901264361100228EA8 /* RayAttack4.png */; };
		C70065981264361100228EA8 /* RayAttack5.png in Resources */ = {isa = PBXBuildFile; fileRef = C70065911264361100228EA8 /* RayAttack5.png */; };
		C70065991264361100228EA8 /* RayAttack6.png in Resources */ = {isa = PBXBuildFile; fileRef = C70065921264361100228EA8 /* RayAttack6.png */; };
		C700659A1264361100228EA8 /* RayAttack7.png in Resources */ = {isa = PBXBuildFile; fileRef = C70065931264361100228EA8 /* RayAttack7.png */; };
		C71E4A411263858500670FFC /* RayGun.png in Resources */ = {isa = PBXBuildFile; fileRef = C71E4A401263858500670FFC /* RayGun.png */; };
		C71E4A431263859400670FFC /* crosshairs.png in Resources */ = {isa = PBXBuildFile; fileRef = C71E4A421263859400670FFC /* crosshairs.png */; };
		C71E4A6212638D7B00670FFC /* AssassinTransparent.png in Resources */ = {isa = PBXBuildFile; fileRef = C71E4A6012638D7B00670FFC /* AssassinTransparent.png */; };
		C71E4A6312638D7B00670FFC /* Default.png in Resources */ = {isa = PBXBuildFile; fileRef = C71E4A6112638D7B00670FFC /* Default.png */; };
		C71E4A6A12638E8800670FFC /* Icon.png in Resources */ = {isa = PBXBuildFile; fileRef = C71E4A6912638E8800670FFC /* Icon.png */; };
		C76E6EF71266C94300B48793 /* AssassinateHUDViewController.m in Sources */ = {isa = PBXBuildFile; fileRef = C76E6EF51266C94300B48793 /* AssassinateHUDViewController.m */; };
		C76E6EF81266C94300B48793 /* AssassinateHUDViewController.xib in Resources */ = {isa = PBXBuildFile; fileRef = C76E6EF61266C94300B48793 /* AssassinateHUDViewController.xib */; };
		C76E6EFD1266CA0700B48793 /* ImageHelper-ImageProcessing.m in Sources */ = {isa = PBXBuildFile; fileRef = C76E6EFA1266CA0700B48793 /* ImageHelper-ImageProcessing.m */; };
		C76E6EFE1266CA0700B48793 /* ImageHelper.m in Sources */ = {isa = PBXBuildFile; fileRef = C76E6EFC1266CA0700B48793 /* ImageHelper.m */; };
		C76E6F021266CA5900B48793 /* RayGun.m in Sources */ = {isa = PBXBuildFile; fileRef = C76E6F001266CA5900B48793 /* RayGun.m */; };
		C773333B1267ED4300A68538 /* RayKillOverlay.png in Resources */ = {isa = PBXBuildFile; fileRef = C773333A1267ED4300A68538 /* RayKillOverlay.png */; };
/* End PBXBuildFile section */

/* Begin PBXFileReference section */
		1D30AB110D05D00D00671497 /* Foundation.framework */ = {isa = PBXFileReference; lastKnownFileType = wrapper.framework; name = Foundation.framework; path = System/Library/Frameworks/Foundation.framework; sourceTree = SDKROOT; };
		1D3623240D0F684500981E51 /* AssassinsAppDelegate.h */ = {isa = PBXFileReference; fileEncoding = 4; lastKnownFileType = sourcecode.c.h; path = AssassinsAppDelegate.h; sourceTree = "<group>"; };
		1D3623250D0F684500981E51 /* AssassinsAppDelegate.m */ = {isa = PBXFileReference; fileEncoding = 4; lastKnownFileType = sourcecode.c.objc; path = AssassinsAppDelegate.m; sourceTree = "<group>"; };
		1D6058910D05DD3D006BFB54 /* Assassins.app */ = {isa = PBXFileReference; explicitFileType = wrapper.application; includeInIndex = 0; path = Assassins.app; sourceTree = BUILT_PRODUCTS_DIR; };
		1DF5F4DF0D08C38300B7A737 /* UIKit.framework */ = {isa = PBXFileReference; lastKnownFileType = wrapper.framework; name = UIKit.framework; path = System/Library/Frameworks/UIKit.framework; sourceTree = SDKROOT; };
		288765A40DF7441C002DB57D /* CoreGraphics.framework */ = {isa = PBXFileReference; lastKnownFileType = wrapper.framework; name = CoreGraphics.framework; path = System/Library/Frameworks/CoreGraphics.framework; sourceTree = SDKROOT; };
		2899E5210DE3E06400AC0155 /* AssassinsViewController.xib */ = {isa = PBXFileReference; lastKnownFileType = file.xib; path = AssassinsViewController.xib; sourceTree = "<group>"; };
		28AD733E0D9D9553002E5188 /* MainWindow.xib */ = {isa = PBXFileReference; lastKnownFileType = file.xib; path = MainWindow.xib; sourceTree = "<group>"; };
		28D7ACF60DDB3853001CB0EB /* AssassinsViewController.h */ = {isa = PBXFileReference; fileEncoding = 4; lastKnownFileType = sourcecode.c.h; path = AssassinsViewController.h; sourceTree = "<group>"; };
		28D7ACF70DDB3853001CB0EB /* AssassinsViewController.m */ = {isa = PBXFileReference; fileEncoding = 4; lastKnownFileType = sourcecode.c.objc; path = AssassinsViewController.m; sourceTree = "<group>"; };
		29B97316FDCFA39411CA2CEA /* main.m */ = {isa = PBXFileReference; fileEncoding = 4; lastKnownFileType = sourcecode.c.objc; path = main.m; sourceTree = "<group>"; };
		32CA4F630368D1EE00C91783 /* Assassins_Prefix.pch */ = {isa = PBXFileReference; fileEncoding = 4; lastKnownFileType = sourcecode.c.h; path = Assassins_Prefix.pch; sourceTree = "<group>"; };
		8D1107310486CEB800E47090 /* Assassins-Info.plist */ = {isa = PBXFileReference; fileEncoding = 4; lastKnownFileType = text.plist.xml; path = "Assassins-Info.plist"; plistStructureDefinitionIdentifier = "com.apple.xcode.plist.structure-definition.iphone.info-plist"; sourceTree = "<group>"; };
		C700658D1264361100228EA8 /* RayAttack1.png */ = {isa = PBXFileReference; lastKnownFileType = image.png; name = RayAttack1.png; path = Images/Weapons/RayGun/RayAttack1.png; sourceTree = "<group>"; };
		C700658E1264361100228EA8 /* RayAttack2.png */ = {isa = PBXFileReference; lastKnownFileType = image.png; name = RayAttack2.png; path = Images/Weapons/RayGun/RayAttack2.png; sourceTree = "<group>"; };
		C700658F1264361100228EA8 /* RayAttack3.png */ = {isa = PBXFileReference; lastKnownFileType = image.png; name = RayAttack3.png; path = Images/Weapons/RayGun/RayAttack3.png; sourceTree = "<group>"; };
		C70065901264361100228EA8 /* RayAttack4.png */ = {isa = PBXFileReference; lastKnownFileType = image.png; name = RayAttack4.png; path = Images/Weapons/RayGun/RayAttack4.png; sourceTree = "<group>"; };
		C70065911264361100228EA8 /* RayAttack5.png */ = {isa = PBXFileReference; lastKnownFileType = image.png; name = RayAttack5.png; path = Images/Weapons/RayGun/RayAttack5.png; sourceTree = "<group>"; };
		C70065921264361100228EA8 /* RayAttack6.png */ = {isa = PBXFileReference; lastKnownFileType = image.png; name = RayAttack6.png; path = Images/Weapons/RayGun/RayAttack6.png; sourceTree = "<group>"; };
		C70065931264361100228EA8 /* RayAttack7.png */ = {isa = PBXFileReference; lastKnownFileType = image.png; name = RayAttack7.png; path = Images/Weapons/RayGun/RayAttack7.png; sourceTree = "<group>"; };
		C71E4A401263858500670FFC /* RayGun.png */ = {isa = PBXFileReference; lastKnownFileType = image.png; name = RayGun.png; path = Images/Weapons/RayGun/RayGun.png; sourceTree = "<group>"; };
		C71E4A421263859400670FFC /* crosshairs.png */ = {isa = PBXFileReference; lastKnownFileType = image.png; name = crosshairs.png; path = Images/Weapons/crosshairs.png; sourceTree = "<group>"; };
		C71E4A6012638D7B00670FFC /* AssassinTransparent.png */ = {isa = PBXFileReference; lastKnownFileType = image.png; name = AssassinTransparent.png; path = Images/Application/AssassinTransparent.png; sourceTree = "<group>"; };
		C71E4A6112638D7B00670FFC /* Default.png */ = {isa = PBXFileReference; lastKnownFileType = image.png; name = Default.png; path = Images/Application/Default.png; sourceTree = "<group>"; };
		C71E4A6912638E8800670FFC /* Icon.png */ = {isa = PBXFileReference; lastKnownFileType = image.png; name = Icon.png; path = Images/Application/Icon.png; sourceTree = "<group>"; };
		C76E6EF41266C94300B48793 /* AssassinateHUDViewController.h */ = {isa = PBXFileReference; fileEncoding = 4; lastKnownFileType = sourcecode.c.h; name = AssassinateHUDViewController.h; path = ViewControllers/AssassinateHUDViewController.h; sourceTree = "<group>"; };
		C76E6EF51266C94300B48793 /* AssassinateHUDViewController.m */ = {isa = PBXFileReference; fileEncoding = 4; lastKnownFileType = sourcecode.c.objc; name = AssassinateHUDViewController.m; path = ViewControllers/AssassinateHUDViewController.m; sourceTree = "<group>"; };
		C76E6EF61266C94300B48793 /* AssassinateHUDViewController.xib */ = {isa = PBXFileReference; lastKnownFileType = file.xib; name = AssassinateHUDViewController.xib; path = ViewControllers/AssassinateHUDViewController.xib; sourceTree = "<group>"; };
		C76E6EF91266CA0700B48793 /* ImageHelper-ImageProcessing.h */ = {isa = PBXFileReference; fileEncoding = 4; lastKnownFileType = sourcecode.c.h; name = "ImageHelper-ImageProcessing.h"; path = "Helpers/ImageHelper-ImageProcessing.h"; sourceTree = "<group>"; };
		C76E6EFA1266CA0700B48793 /* ImageHelper-ImageProcessing.m */ = {isa = PBXFileReference; fileEncoding = 4; lastKnownFileType = sourcecode.c.objc; name = "ImageHelper-ImageProcessing.m"; path = "Helpers/ImageHelper-ImageProcessing.m"; sourceTree = "<group>"; };
		C76E6EFB1266CA0700B48793 /* ImageHelper.h */ = {isa = PBXFileReference; fileEncoding = 4; lastKnownFileType = sourcecode.c.h; name = ImageHelper.h; path = Helpers/ImageHelper.h; sourceTree = "<group>"; };
		C76E6EFC1266CA0700B48793 /* ImageHelper.m */ = {isa = PBXFileReference; fileEncoding = 4; lastKnownFileType = sourcecode.c.objc; name = ImageHelper.m; path = Helpers/ImageHelper.m; sourceTree = "<group>"; };
		C76E6EFF1266CA5900B48793 /* RayGun.h */ = {isa = PBXFileReference; fileEncoding = 4; lastKnownFileType = sourcecode.c.h; name = RayGun.h; path = Models/Weapons/RayGun.h; sourceTree = "<group>"; };
		C76E6F001266CA5900B48793 /* RayGun.m */ = {isa = PBXFileReference; fileEncoding = 4; lastKnownFileType = sourcecode.c.objc; name = RayGun.m; path = Models/Weapons/RayGun.m; sourceTree = "<group>"; };
		C76E6F011266CA5900B48793 /* Weapon.h */ = {isa = PBXFileReference; fileEncoding = 4; lastKnownFileType = sourcecode.c.h; name = Weapon.h; path = Models/Weapons/Weapon.h; sourceTree = "<group>"; };
		C773333A1267ED4300A68538 /* RayKillOverlay.png */ = {isa = PBXFileReference; lastKnownFileType = image.png; name = RayKillOverlay.png; path = Images/Weapons/RayGun/RayKillOverlay.png; sourceTree = "<group>"; };
/* End PBXFileReference section */

/* Begin PBXFrameworksBuildPhase section */
		1D60588F0D05DD3D006BFB54 /* Frameworks */ = {
			isa = PBXFrameworksBuildPhase;
			buildActionMask = 2147483647;
			files = (
				1D60589F0D05DD5A006BFB54 /* Foundation.framework in Frameworks */,
				1DF5F4E00D08C38300B7A737 /* UIKit.framework in Frameworks */,
				288765A50DF7441C002DB57D /* CoreGraphics.framework in Frameworks */,
			);
			runOnlyForDeploymentPostprocessing = 0;
		};
/* End PBXFrameworksBuildPhase section */

/* Begin PBXGroup section */
		080E96DDFE201D6D7F000001 /* Classes */ = {
			isa = PBXGroup;
			children = (
				C71E4BF91263BEB600670FFC /* Helpers */,
				C71E4B951263AF4100670FFC /* Models */,
				C71E4A371263828000670FFC /* ViewControllers */,
				1D3623240D0F684500981E51 /* AssassinsAppDelegate.h */,
				1D3623250D0F684500981E51 /* AssassinsAppDelegate.m */,
				28D7ACF60DDB3853001CB0EB /* AssassinsViewController.h */,
				28D7ACF70DDB3853001CB0EB /* AssassinsViewController.m */,
			);
			path = Classes;
			sourceTree = "<group>";
		};
		19C28FACFE9D520D11CA2CBB /* Products */ = {
			isa = PBXGroup;
			children = (
				1D6058910D05DD3D006BFB54 /* Assassins.app */,
			);
			name = Products;
			sourceTree = "<group>";
		};
		29B97314FDCFA39411CA2CEA /* CustomTemplate */ = {
			isa = PBXGroup;
			children = (
				C71E4A321263819F00670FFC /* Images */,
				080E96DDFE201D6D7F000001 /* Classes */,
				29B97315FDCFA39411CA2CEA /* Other Sources */,
				29B97317FDCFA39411CA2CEA /* Resources */,
				29B97323FDCFA39411CA2CEA /* Frameworks */,
				19C28FACFE9D520D11CA2CBB /* Products */,
			);
			name = CustomTemplate;
			sourceTree = "<group>";
		};
		29B97315FDCFA39411CA2CEA /* Other Sources */ = {
			isa = PBXGroup;
			children = (
				32CA4F630368D1EE00C91783 /* Assassins_Prefix.pch */,
				29B97316FDCFA39411CA2CEA /* main.m */,
			);
			name = "Other Sources";
			sourceTree = "<group>";
		};
		29B97317FDCFA39411CA2CEA /* Resources */ = {
			isa = PBXGroup;
			children = (
				2899E5210DE3E06400AC0155 /* AssassinsViewController.xib */,
				28AD733E0D9D9553002E5188 /* MainWindow.xib */,
				8D1107310486CEB800E47090 /* Assassins-Info.plist */,
			);
			name = Resources;
			sourceTree = "<group>";
		};
		29B97323FDCFA39411CA2CEA /* Frameworks */ = {
			isa = PBXGroup;
			children = (
				1DF5F4DF0D08C38300B7A737 /* UIKit.framework */,
				1D30AB110D05D00D00671497 /* Foundation.framework */,
				288765A40DF7441C002DB57D /* CoreGraphics.framework */,
			);
			name = Frameworks;
			sourceTree = "<group>";
		};
		C71E4A321263819F00670FFC /* Images */ = {
			isa = PBXGroup;
			children = (
				C71E4A5F12638D6600670FFC /* Application */,
				C71E4A33126381A600670FFC /* Weapons */,
			);
			name = Images;
			sourceTree = "<group>";
		};
		C71E4A33126381A600670FFC /* Weapons */ = {
			isa = PBXGroup;
			children = (
				C71E4A421263859400670FFC /* crosshairs.png */,
				C71E4A38126382AF00670FFC /* RayGun */,
			);
			name = Weapons;
			sourceTree = "<group>";
		};
		C71E4A371263828000670FFC /* ViewControllers */ = {
			isa = PBXGroup;
			children = (
				C76E6EF41266C94300B48793 /* AssassinateHUDViewController.h */,
				C76E6EF51266C94300B48793 /* AssassinateHUDViewController.m */,
				C76E6EF61266C94300B48793 /* AssassinateHUDViewController.xib */,
			);
			name = ViewControllers;
			sourceTree = "<group>";
		};
		C71E4A38126382AF00670FFC /* RayGun */ = {
			isa = PBXGroup;
			children = (
				C773333A1267ED4300A68538 /* RayKillOverlay.png */,
				C700658D1264361100228EA8 /* RayAttack1.png */,
				C700658E1264361100228EA8 /* RayAttack2.png */,
				C700658F1264361100228EA8 /* RayAttack3.png */,
				C70065901264361100228EA8 /* RayAttack4.png */,
				C70065911264361100228EA8 /* RayAttack5.png */,
				C70065921264361100228EA8 /* RayAttack6.png */,
				C70065931264361100228EA8 /* RayAttack7.png */,
				C71E4A401263858500670FFC /* RayGun.png */,
			);
			name = RayGun;
			sourceTree = "<group>";
		};
		C71E4A5F12638D6600670FFC /* Application */ = {
			isa = PBXGroup;
			children = (
				C71E4A6912638E8800670FFC /* Icon.png */,
				C71E4A6012638D7B00670FFC /* AssassinTransparent.png */,
				C71E4A6112638D7B00670FFC /* Default.png */,
			);
			name = Application;
			sourceTree = "<group>";
		};
		C71E4B951263AF4100670FFC /* Models */ = {
			isa = PBXGroup;
			children = (
				C71E4BA21263B07D00670FFC /* Weapons */,
			);
			name = Models;
			sourceTree = "<group>";
		};
		C71E4BA21263B07D00670FFC /* Weapons */ = {
			isa = PBXGroup;
			children = (
				C76E6EFF1266CA5900B48793 /* RayGun.h */,
				C76E6F001266CA5900B48793 /* RayGun.m */,
				C76E6F011266CA5900B48793 /* Weapon.h */,
			);
			name = Weapons;
			sourceTree = "<group>";
		};
		C71E4BF91263BEB600670FFC /* Helpers */ = {
			isa = PBXGroup;
			children = (
				C76E6EF91266CA0700B48793 /* ImageHelper-ImageProcessing.h */,
				C76E6EFA1266CA0700B48793 /* ImageHelper-ImageProcessing.m */,
				C76E6EFB1266CA0700B48793 /* ImageHelper.h */,
				C76E6EFC1266CA0700B48793 /* ImageHelper.m */,
			);
			name = Helpers;
			sourceTree = "<group>";
		};
/* End PBXGroup section */

/* Begin PBXNativeTarget section */
		1D6058900D05DD3D006BFB54 /* Assassins */ = {
			isa = PBXNativeTarget;
			buildConfigurationList = 1D6058960D05DD3E006BFB54 /* Build configuration list for PBXNativeTarget "Assassins" */;
			buildPhases = (
				1D60588D0D05DD3D006BFB54 /* Resources */,
				1D60588E0D05DD3D006BFB54 /* Sources */,
				1D60588F0D05DD3D006BFB54 /* Frameworks */,
			);
			buildRules = (
			);
			dependencies = (
			);
			name = Assassins;
			productName = Assassins;
			productReference = 1D6058910D05DD3D006BFB54 /* Assassins.app */;
			productType = "com.apple.product-type.application";
		};
/* End PBXNativeTarget section */

/* Begin PBXProject section */
		29B97313FDCFA39411CA2CEA /* Project object */ = {
			isa = PBXProject;
			buildConfigurationList = C01FCF4E08A954540054247B /* Build configuration list for PBXProject "Assassins" */;
			compatibilityVersion = "Xcode 3.1";
			developmentRegion = English;
			hasScannedForEncodings = 1;
			knownRegions = (
				English,
				Japanese,
				French,
				German,
			);
			mainGroup = 29B97314FDCFA39411CA2CEA /* CustomTemplate */;
			projectDirPath = "";
			projectRoot = "";
			targets = (
				1D6058900D05DD3D006BFB54 /* Assassins */,
			);
		};
/* End PBXProject section */

/* Begin PBXResourcesBuildPhase section */
		1D60588D0D05DD3D006BFB54 /* Resources */ = {
			isa = PBXResourcesBuildPhase;
			buildActionMask = 2147483647;
			files = (
				28AD733F0D9D9553002E5188 /* MainWindow.xib in Resources */,
				2899E5220DE3E06400AC0155 /* AssassinsViewController.xib in Resources */,
				C71E4A411263858500670FFC /* RayGun.png in Resources */,
				C71E4A431263859400670FFC /* crosshairs.png in Resources */,
				C71E4A6212638D7B00670FFC /* AssassinTransparent.png in Resources */,
				C71E4A6312638D7B00670FFC /* Default.png in Resources */,
				C71E4A6A12638E8800670FFC /* Icon.png in Resources */,
				C70065941264361100228EA8 /* RayAttack1.png in Resources */,
				C70065951264361100228EA8 /* RayAttack2.png in Resources */,
				C70065961264361100228EA8 /* RayAttack3.png in Resources */,
				C70065971264361100228EA8 /* RayAttack4.png in Resources */,
				C70065981264361100228EA8 /* RayAttack5.png in Resources */,
				C70065991264361100228EA8 /* RayAttack6.png in Resources */,
				C700659A1264361100228EA8 /* RayAttack7.png in Resources */,
				C76E6EF81266C94300B48793 /* AssassinateHUDViewController.xib in Resources */,
				C773333B1267ED4300A68538 /* RayKillOverlay.png in Resources */,
			);
			runOnlyForDeploymentPostprocessing = 0;
		};
/* End PBXResourcesBuildPhase section */

/* Begin PBXSourcesBuildPhase section */
		1D60588E0D05DD3D006BFB54 /* Sources */ = {
			isa = PBXSourcesBuildPhase;
			buildActionMask = 2147483647;
			files = (
				1D60589B0D05DD56006BFB54 /* main.m in Sources */,
				1D3623260D0F684500981E51 /* AssassinsAppDelegate.m in Sources */,
				28D7ACF80DDB3853001CB0EB /* AssassinsViewController.m in Sources */,
				C76E6EF71266C94300B48793 /* AssassinateHUDViewController.m in Sources */,
				C76E6EFD1266CA0700B48793 /* ImageHelper-ImageProcessing.m in Sources */,
				C76E6EFE1266CA0700B48793 /* ImageHelper.m in Sources */,
				C76E6F021266CA5900B48793 /* RayGun.m in Sources */,
			);
			runOnlyForDeploymentPostprocessing = 0;
		};
/* End PBXSourcesBuildPhase section */

/* Begin XCBuildConfiguration section */
		1D6058940D05DD3E006BFB54 /* Debug */ = {
			isa = XCBuildConfiguration;
			buildSettings = {
				ALWAYS_SEARCH_USER_PATHS = NO;
				COPY_PHASE_STRIP = NO;
				GCC_DYNAMIC_NO_PIC = NO;
				GCC_OPTIMIZATION_LEVEL = 0;
				GCC_PRECOMPILE_PREFIX_HEADER = YES;
				GCC_PREFIX_HEADER = Assassins_Prefix.pch;
				INFOPLIST_FILE = "Assassins-Info.plist";
				PRODUCT_NAME = Assassins;
			};
			name = Debug;
		};
		1D6058950D05DD3E006BFB54 /* Release */ = {
			isa = XCBuildConfiguration;
			buildSettings = {
				ALWAYS_SEARCH_USER_PATHS = NO;
				COPY_PHASE_STRIP = YES;
				GCC_PRECOMPILE_PREFIX_HEADER = YES;
				GCC_PREFIX_HEADER = Assassins_Prefix.pch;
				INFOPLIST_FILE = "Assassins-Info.plist";
				PRODUCT_NAME = Assassins;
				VALIDATE_PRODUCT = YES;
			};
			name = Release;
		};
		C01FCF4F08A954540054247B /* Debug */ = {
			isa = XCBuildConfiguration;
			buildSettings = {
				ARCHS = "$(ARCHS_STANDARD_32_BIT)";
				"CODE_SIGN_IDENTITY[sdk=iphoneos*]" = "iPhone Developer";
				GCC_C_LANGUAGE_STANDARD = c99;
				GCC_WARN_ABOUT_RETURN_TYPE = YES;
				GCC_WARN_UNUSED_VARIABLE = YES;
				PREBINDING = NO;
				SDKROOT = iphoneos4.1;
			};
			name = Debug;
		};
		C01FCF5008A954540054247B /* Release */ = {
			isa = XCBuildConfiguration;
			buildSettings = {
				ARCHS = "$(ARCHS_STANDARD_32_BIT)";
				"CODE_SIGN_IDENTITY[sdk=iphoneos*]" = "iPhone Developer";
				GCC_C_LANGUAGE_STANDARD = c99;
				GCC_WARN_ABOUT_RETURN_TYPE = YES;
				GCC_WARN_UNUSED_VARIABLE = YES;
				OTHER_CFLAGS = "-DNS_BLOCK_ASSERTIONS=1";
				PREBINDING = NO;
				SDKROOT = iphoneos4.1;
			};
			name = Release;
		};
/* End XCBuildConfiguration section */

/* Begin XCConfigurationList section */
		1D6058960D05DD3E006BFB54 /* Build configuration list for PBXNativeTarget "Assassins" */ = {
			isa = XCConfigurationList;
			buildConfigurations = (
				1D6058940D05DD3E006BFB54 /* Debug */,
				1D6058950D05DD3E006BFB54 /* Release */,
			);
			defaultConfigurationIsVisible = 0;
			defaultConfigurationName = Release;
		};
		C01FCF4E08A954540054247B /* Build configuration list for PBXProject "Assassins" */ = {
			isa = XCConfigurationList;
			buildConfigurations = (
				C01FCF4F08A954540054247B /* Debug */,
				C01FCF5008A954540054247B /* Release */,
			);
			defaultConfigurationIsVisible = 0;
			defaultConfigurationName = Release;
		};
/* End XCConfigurationList section */
	};
	rootObject = 29B97313FDCFA39411CA2CEA /* Project object */;
}
